<?xml version="1.0" encoding="utf-8"?>
<Project ToolsVersion="4.0" xmlns="http://schemas.microsoft.com/developer/msbuild/2003">
  <ItemGroup>
    <ClCompile Include="camera.cpp" />
    <ClCompile Include="colorcalibrator.cpp" />
    <ClCompile Include="dialog.cpp" />
    <ClCompile Include="objectfinder.cpp" />
    <ClCompile Include="robot.cpp" />
    <ClCompile Include="Robotiina.cpp" />
    <ClCompile Include="stillcamera.cpp" />
    <ClCompile Include="wheel.cpp" />
    <ClCompile Include="wheelcontroller.cpp" />
    <ClCompile Include="autocalibrator.cpp" />
    <ClCompile Include="calibrationconfreader.cpp" />
    <ClCompile Include="wheelemulator.cpp" />
  </ItemGroup>
  <ItemGroup>
    <ClInclude Include="camera.h" />
    <ClInclude Include="colorcalibrator.h" />
    <ClInclude Include="dialog.h" />
    <ClInclude Include="objectfinder.h" />
    <ClInclude Include="robot.h" />
    <ClInclude Include="simpleserial.h" />
    <ClInclude Include="stillcamera.h" />
    <ClInclude Include="types.h" />
    <ClInclude Include="wheel.h" />
    <ClInclude Include="wheelcontroller.h" />
    <ClInclude Include="autocalibrator.h" />
    <ClInclude Include="calibrationconfreader.h" />
    <ClInclude Include="wheelemulator.h" />
  </ItemGroup>
  <ItemGroup>
    <Text Include="ReadMe.txt" />
  </ItemGroup>
</Project>