<?xml version="1.0" encoding="utf-8"?>
<Project ToolsVersion="4.0" xmlns="http://schemas.microsoft.com/developer/msbuild/2003">
  <ItemGroup>
    <ClCompile Include="autocalibrator.cpp">
      <Filter>Source Files</Filter>
    </ClCompile>
    <ClCompile Include="calibrationconfreader.cpp">
      <Filter>Source Files</Filter>
    </ClCompile>
    <ClCompile Include="camera.cpp">
      <Filter>Source Files</Filter>
    </ClCompile>
    <ClCompile Include="colorcalibrator.cpp">
      <Filter>Source Files</Filter>
    </ClCompile>
    <ClCompile Include="dialog.cpp">
      <Filter>Source Files</Filter>
    </ClCompile>
    <ClCompile Include="objectfinder.cpp">
      <Filter>Source Files</Filter>
    </ClCompile>
    <ClCompile Include="remotecontrol.cpp">
      <Filter>Source Files</Filter>
    </ClCompile>
    <ClCompile Include="robot.cpp">
      <Filter>Source Files</Filter>
    </ClCompile>
    <ClCompile Include="Robotiina.cpp">
      <Filter>Source Files</Filter>
    </ClCompile>
    <ClCompile Include="stillcamera.cpp">
      <Filter>Source Files</Filter>
    </ClCompile>
    <ClCompile Include="wheel.cpp">
      <Filter>Source Files</Filter>
    </ClCompile>
    <ClCompile Include="wheelcontroller.cpp">
      <Filter>Source Files</Filter>
    </ClCompile>
    <ClCompile Include="MouseFinder.cpp">
      <Filter>Source Files</Filter>
    </ClCompile>
    <ClCompile Include="ComPortScanner.cpp">
      <Filter>Source Files</Filter>
    </ClCompile>
    <ClCompile Include="coilBoard.cpp">
      <Filter>Source Files</Filter>
    </ClCompile>
    <ClCompile Include="AutoPilot.cpp">
      <Filter>Source Files</Filter>
    </ClCompile>
    <ClCompile Include="RobotTracker.cpp">
      <Filter>Source Files</Filter>
    </ClCompile>
  </ItemGroup>
  <ItemGroup>
    <ClInclude Include="autocalibrator.h">
      <Filter>Header Files</Filter>
    </ClInclude>
    <ClInclude Include="camera.h">
      <Filter>Header Files</Filter>
    </ClInclude>
    <ClInclude Include="calibrationconfreader.h">
      <Filter>Header Files</Filter>
    </ClInclude>
    <ClInclude Include="colorcalibrator.h">
      <Filter>Header Files</Filter>
    </ClInclude>
    <ClInclude Include="dialog.h">
      <Filter>Header Files</Filter>
    </ClInclude>
    <ClInclude Include="objectfinder.h">
      <Filter>Header Files</Filter>
    </ClInclude>
    <ClInclude Include="robot.h">
      <Filter>Header Files</Filter>
    </ClInclude>
    <ClInclude Include="simpleserial.h">
      <Filter>Header Files</Filter>
    </ClInclude>
    <ClInclude Include="stillcamera.h">
      <Filter>Header Files</Filter>
    </ClInclude>
    <ClInclude Include="types.h">
      <Filter>Header Files</Filter>
    </ClInclude>
    <ClInclude Include="wheel.h">
      <Filter>Header Files</Filter>
    </ClInclude>
    <ClInclude Include="wheelcontroller.h">
      <Filter>Header Files</Filter>
    </ClInclude>
    <ClInclude Include="remotecontrol.h">
      <Filter>Header Files</Filter>
    </ClInclude>
    <ClInclude Include="blockingreader.h">
      <Filter>Header Files</Filter>
    </ClInclude>
    <ClInclude Include="MouseFinder.h">
      <Filter>Header Files</Filter>
    </ClInclude>
    <ClInclude Include="ComPortScanner.h">
      <Filter>Header Files</Filter>
    </ClInclude>
    <ClInclude Include="coilBoard.h">
      <Filter>Header Files</Filter>
    </ClInclude>
    <ClInclude Include="AutoPilot.h">
      <Filter>Header Files</Filter>
    </ClInclude>
    <ClInclude Include="RobotTracker.h">
      <Filter>Header Files</Filter>
    </ClInclude>
  </ItemGroup>
  <ItemGroup>
    <Text Include="ReadMe.txt" />
  </ItemGroup>
  <ItemGroup>
    <Filter Include="Header Files">
      <UniqueIdentifier>{df21dfdf-4d8b-41b5-bc20-ddd1238a251c}</UniqueIdentifier>
      <Extensions>h;hh;hpp;hxx;hm;inl;inc;xsd</Extensions>
    </Filter>
    <Filter Include="Source Files">
      <UniqueIdentifier>{6343fadd-087a-4ea1-9584-7918e04eebcd}</UniqueIdentifier>
      <Extensions>cpp;c;cc;cxx;def;odl;idl;hpj;bat;asm;asmx</Extensions>
    </Filter>
  </ItemGroup>
</Project>